
Microsoft Visual Studio Solution File, Format Version 12.00
# Visual Studio 15
VisualStudioVersion = 15.0.27703.2000
MinimumVisualStudioVersion = 10.0.40219.1
Project("{FAE04EC0-301F-11D3-BF4B-00C04F79EFBC}") = "XamEssentials.Android", "XamEssentials\XamEssentials.Android\XamEssentials.Android.csproj", "{EA8FEDBA-E3D4-4777-B70C-96510F5F2DEB}"
EndProject
Project("{FAE04EC0-301F-11D3-BF4B-00C04F79EFBC}") = "XamEssentials.iOS", "XamEssentials\XamEssentials.iOS\XamEssentials.iOS.csproj", "{6A19A10C-0071-4F9B-9ED8-84750F01BB5C}"
EndProject
Project("{FAE04EC0-301F-11D3-BF4B-00C04F79EFBC}") = "XamEssentials.UWP", "XamEssentials\XamEssentials.UWP\XamEssentials.UWP.csproj", "{1889CD39-5217-461C-8DE1-C2FB0046B124}"
EndProject
Project("{D954291E-2A0B-460D-934E-DC6B0785DB48}") = "XamEssentials", "XamEssentials\XamEssentials\XamEssentials.shproj", "{63985E8B-2E20-4D3F-855C-33AECE057290}"
EndProject
Global
	GlobalSection(SharedMSBuildProjectFiles) = preSolution
		XamEssentials\XamEssentials\XamEssentials.projitems*{1889cd39-5217-461c-8de1-c2fb0046b124}*SharedItemsImports = 4
		XamEssentials\XamEssentials\XamEssentials.projitems*{63985e8b-2e20-4d3f-855c-33aece057290}*SharedItemsImports = 13
		XamEssentials\XamEssentials\XamEssentials.projitems*{6a19a10c-0071-4f9b-9ed8-84750f01bb5c}*SharedItemsImports = 4
		XamEssentials\XamEssentials\XamEssentials.projitems*{ea8fedba-e3d4-4777-b70c-96510f5f2deb}*SharedItemsImports = 4
	EndGlobalSection
	GlobalSection(SolutionConfigurationPlatforms) = preSolution
		Ad-Hoc|Any CPU = Ad-Hoc|Any CPU
		Ad-Hoc|ARM = Ad-Hoc|ARM
		Ad-Hoc|iPhone = Ad-Hoc|iPhone
		Ad-Hoc|iPhoneSimulator = Ad-Hoc|iPhoneSimulator
		Ad-Hoc|x64 = Ad-Hoc|x64
		Ad-Hoc|x86 = Ad-Hoc|x86
		AppStore|Any CPU = AppStore|Any CPU
		AppStore|ARM = AppStore|ARM
		AppStore|iPhone = AppStore|iPhone
		AppStore|iPhoneSimulator = AppStore|iPhoneSimulator
		AppStore|x64 = AppStore|x64
		AppStore|x86 = AppStore|x86
		Debug|Any CPU = Debug|Any CPU
		Debug|ARM = Debug|ARM
		Debug|iPhone = Debug|iPhone
		Debug|iPhoneSimulator = Debug|iPhoneSimulator
		Debug|x64 = Debug|x64
		Debug|x86 = Debug|x86
		Release|Any CPU = Release|Any CPU
		Release|ARM = Release|ARM
		Release|iPhone = Release|iPhone
		Release|iPhoneSimulator = Release|iPhoneSimulator
		Release|x64 = Release|x64
		Release|x86 = Release|x86
	EndGlobalSection
	GlobalSection(ProjectConfigurationPlatforms) = postSolution
		{EA8FEDBA-E3D4-4777-B70C-96510F5F2DEB}.Ad-Hoc|Any CPU.ActiveCfg = Release|Any CPU
		{EA8FEDBA-E3D4-4777-B70C-96510F5F2DEB}.Ad-Hoc|Any CPU.Build.0 = Release|Any CPU
		{EA8FEDBA-E3D4-4777-B70C-96510F5F2DEB}.Ad-Hoc|Any CPU.Deploy.0 = Release|Any CPU
		{EA8FEDBA-E3D4-4777-B70C-96510F5F2DEB}.Ad-Hoc|ARM.ActiveCfg = Release|Any CPU
		{EA8FEDBA-E3D4-4777-B70C-96510F5F2DEB}.Ad-Hoc|ARM.Build.0 = Release|Any CPU
		{EA8FEDBA-E3D4-4777-B70C-96510F5F2DEB}.Ad-Hoc|ARM.Deploy.0 = Release|Any CPU
		{EA8FEDBA-E3D4-4777-B70C-96510F5F2DEB}.Ad-Hoc|iPhone.ActiveCfg = Release|Any CPU
		{EA8FEDBA-E3D4-4777-B70C-96510F5F2DEB}.Ad-Hoc|iPhone.Build.0 = Release|Any CPU
		{EA8FEDBA-E3D4-4777-B70C-96510F5F2DEB}.Ad-Hoc|iPhone.Deploy.0 = Release|Any CPU
		{EA8FEDBA-E3D4-4777-B70C-96510F5F2DEB}.Ad-Hoc|iPhoneSimulator.ActiveCfg = Release|Any CPU
		{EA8FEDBA-E3D4-4777-B70C-96510F5F2DEB}.Ad-Hoc|iPhoneSimulator.Build.0 = Release|Any CPU
		{EA8FEDBA-E3D4-4777-B70C-96510F5F2DEB}.Ad-Hoc|iPhoneSimulator.Deploy.0 = Release|Any CPU
		{EA8FEDBA-E3D4-4777-B70C-96510F5F2DEB}.Ad-Hoc|x64.ActiveCfg = Release|Any CPU
		{EA8FEDBA-E3D4-4777-B70C-96510F5F2DEB}.Ad-Hoc|x64.Build.0 = Release|Any CPU
		{EA8FEDBA-E3D4-4777-B70C-96510F5F2DEB}.Ad-Hoc|x64.Deploy.0 = Release|Any CPU
		{EA8FEDBA-E3D4-4777-B70C-96510F5F2DEB}.Ad-Hoc|x86.ActiveCfg = Release|Any CPU
		{EA8FEDBA-E3D4-4777-B70C-96510F5F2DEB}.Ad-Hoc|x86.Build.0 = Release|Any CPU
		{EA8FEDBA-E3D4-4777-B70C-96510F5F2DEB}.Ad-Hoc|x86.Deploy.0 = Release|Any CPU
		{EA8FEDBA-E3D4-4777-B70C-96510F5F2DEB}.AppStore|Any CPU.ActiveCfg = Release|Any CPU
		{EA8FEDBA-E3D4-4777-B70C-96510F5F2DEB}.AppStore|Any CPU.Build.0 = Release|Any CPU
		{EA8FEDBA-E3D4-4777-B70C-96510F5F2DEB}.AppStore|Any CPU.Deploy.0 = Release|Any CPU
		{EA8FEDBA-E3D4-4777-B70C-96510F5F2DEB}.AppStore|ARM.ActiveCfg = Release|Any CPU
		{EA8FEDBA-E3D4-4777-B70C-96510F5F2DEB}.AppStore|ARM.Build.0 = Release|Any CPU
		{EA8FEDBA-E3D4-4777-B70C-96510F5F2DEB}.AppStore|ARM.Deploy.0 = Release|Any CPU
		{EA8FEDBA-E3D4-4777-B70C-96510F5F2DEB}.AppStore|iPhone.ActiveCfg = Release|Any CPU
		{EA8FEDBA-E3D4-4777-B70C-96510F5F2DEB}.AppStore|iPhone.Build.0 = Release|Any CPU
		{EA8FEDBA-E3D4-4777-B70C-96510F5F2DEB}.AppStore|iPhone.Deploy.0 = Release|Any CPU
		{EA8FEDBA-E3D4-4777-B70C-96510F5F2DEB}.AppStore|iPhoneSimulator.ActiveCfg = Release|Any CPU
		{EA8FEDBA-E3D4-4777-B70C-96510F5F2DEB}.AppStore|iPhoneSimulator.Build.0 = Release|Any CPU
		{EA8FEDBA-E3D4-4777-B70C-96510F5F2DEB}.AppStore|iPhoneSimulator.Deploy.0 = Release|Any CPU
		{EA8FEDBA-E3D4-4777-B70C-96510F5F2DEB}.AppStore|x64.ActiveCfg = Release|Any CPU
		{EA8FEDBA-E3D4-4777-B70C-96510F5F2DEB}.AppStore|x64.Build.0 = Release|Any CPU
		{EA8FEDBA-E3D4-4777-B70C-96510F5F2DEB}.AppStore|x64.Deploy.0 = Release|Any CPU
		{EA8FEDBA-E3D4-4777-B70C-96510F5F2DEB}.AppStore|x86.ActiveCfg = Release|Any CPU
		{EA8FEDBA-E3D4-4777-B70C-96510F5F2DEB}.AppStore|x86.Build.0 = Release|Any CPU
		{EA8FEDBA-E3D4-4777-B70C-96510F5F2DEB}.AppStore|x86.Deploy.0 = Release|Any CPU
		{EA8FEDBA-E3D4-4777-B70C-96510F5F2DEB}.Debug|Any CPU.ActiveCfg = Debug|Any CPU
		{EA8FEDBA-E3D4-4777-B70C-96510F5F2DEB}.Debug|Any CPU.Build.0 = Debug|Any CPU
		{EA8FEDBA-E3D4-4777-B70C-96510F5F2DEB}.Debug|Any CPU.Deploy.0 = Debug|Any CPU
		{EA8FEDBA-E3D4-4777-B70C-96510F5F2DEB}.Debug|ARM.ActiveCfg = Debug|Any CPU
		{EA8FEDBA-E3D4-4777-B70C-96510F5F2DEB}.Debug|ARM.Build.0 = Debug|Any CPU
		{EA8FEDBA-E3D4-4777-B70C-96510F5F2DEB}.Debug|ARM.Deploy.0 = Debug|Any CPU
		{EA8FEDBA-E3D4-4777-B70C-96510F5F2DEB}.Debug|iPhone.ActiveCfg = Debug|Any CPU
		{EA8FEDBA-E3D4-4777-B70C-96510F5F2DEB}.Debug|iPhone.Build.0 = Debug|Any CPU
		{EA8FEDBA-E3D4-4777-B70C-96510F5F2DEB}.Debug|iPhone.Deploy.0 = Debug|Any CPU
		{EA8FEDBA-E3D4-4777-B70C-96510F5F2DEB}.Debug|iPhoneSimulator.ActiveCfg = Debug|Any CPU
		{EA8FEDBA-E3D4-4777-B70C-96510F5F2DEB}.Debug|iPhoneSimulator.Build.0 = Debug|Any CPU
		{EA8FEDBA-E3D4-4777-B70C-96510F5F2DEB}.Debug|iPhoneSimulator.Deploy.0 = Debug|Any CPU
		{EA8FEDBA-E3D4-4777-B70C-96510F5F2DEB}.Debug|x64.ActiveCfg = Debug|Any CPU
		{EA8FEDBA-E3D4-4777-B70C-96510F5F2DEB}.Debug|x64.Build.0 = Debug|Any CPU
		{EA8FEDBA-E3D4-4777-B70C-96510F5F2DEB}.Debug|x64.Deploy.0 = Debug|Any CPU
		{EA8FEDBA-E3D4-4777-B70C-96510F5F2DEB}.Debug|x86.ActiveCfg = Debug|Any CPU
		{EA8FEDBA-E3D4-4777-B70C-96510F5F2DEB}.Debug|x86.Build.0 = Debug|Any CPU
		{EA8FEDBA-E3D4-4777-B70C-96510F5F2DEB}.Debug|x86.Deploy.0 = Debug|Any CPU
		{EA8FEDBA-E3D4-4777-B70C-96510F5F2DEB}.Release|Any CPU.ActiveCfg = Release|Any CPU
		{EA8FEDBA-E3D4-4777-B70C-96510F5F2DEB}.Release|Any CPU.Build.0 = Release|Any CPU
		{EA8FEDBA-E3D4-4777-B70C-96510F5F2DEB}.Release|Any CPU.Deploy.0 = Release|Any CPU
		{EA8FEDBA-E3D4-4777-B70C-96510F5F2DEB}.Release|ARM.ActiveCfg = Release|Any CPU
		{EA8FEDBA-E3D4-4777-B70C-96510F5F2DEB}.Release|ARM.Build.0 = Release|Any CPU
		{EA8FEDBA-E3D4-4777-B70C-96510F5F2DEB}.Release|ARM.Deploy.0 = Release|Any CPU
		{EA8FEDBA-E3D4-4777-B70C-96510F5F2DEB}.Release|iPhone.ActiveCfg = Release|Any CPU
		{EA8FEDBA-E3D4-4777-B70C-96510F5F2DEB}.Release|iPhone.Build.0 = Release|Any CPU
		{EA8FEDBA-E3D4-4777-B70C-96510F5F2DEB}.Release|iPhone.Deploy.0 = Release|Any CPU
		{EA8FEDBA-E3D4-4777-B70C-96510F5F2DEB}.Release|iPhoneSimulator.ActiveCfg = Release|Any CPU
		{EA8FEDBA-E3D4-4777-B70C-96510F5F2DEB}.Release|iPhoneSimulator.Build.0 = Release|Any CPU
		{EA8FEDBA-E3D4-4777-B70C-96510F5F2DEB}.Release|iPhoneSimulator.Deploy.0 = Release|Any CPU
		{EA8FEDBA-E3D4-4777-B70C-96510F5F2DEB}.Release|x64.ActiveCfg = Release|Any CPU
		{EA8FEDBA-E3D4-4777-B70C-96510F5F2DEB}.Release|x64.Build.0 = Release|Any CPU
		{EA8FEDBA-E3D4-4777-B70C-96510F5F2DEB}.Release|x64.Deploy.0 = Release|Any CPU
		{EA8FEDBA-E3D4-4777-B70C-96510F5F2DEB}.Release|x86.ActiveCfg = Release|Any CPU
		{EA8FEDBA-E3D4-4777-B70C-96510F5F2DEB}.Release|x86.Build.0 = Release|Any CPU
		{EA8FEDBA-E3D4-4777-B70C-96510F5F2DEB}.Release|x86.Deploy.0 = Release|Any CPU
		{6A19A10C-0071-4F9B-9ED8-84750F01BB5C}.Ad-Hoc|Any CPU.ActiveCfg = Ad-Hoc|iPhone
		{6A19A10C-0071-4F9B-9ED8-84750F01BB5C}.Ad-Hoc|Any CPU.Build.0 = Ad-Hoc|iPhone
		{6A19A10C-0071-4F9B-9ED8-84750F01BB5C}.Ad-Hoc|Any CPU.Deploy.0 = Ad-Hoc|iPhone
		{6A19A10C-0071-4F9B-9ED8-84750F01BB5C}.Ad-Hoc|ARM.ActiveCfg = Ad-Hoc|iPhone
		{6A19A10C-0071-4F9B-9ED8-84750F01BB5C}.Ad-Hoc|ARM.Build.0 = Ad-Hoc|iPhone
		{6A19A10C-0071-4F9B-9ED8-84750F01BB5C}.Ad-Hoc|ARM.Deploy.0 = Ad-Hoc|iPhone
		{6A19A10C-0071-4F9B-9ED8-84750F01BB5C}.Ad-Hoc|iPhone.ActiveCfg = Ad-Hoc|iPhone
		{6A19A10C-0071-4F9B-9ED8-84750F01BB5C}.Ad-Hoc|iPhone.Build.0 = Ad-Hoc|iPhone
		{6A19A10C-0071-4F9B-9ED8-84750F01BB5C}.Ad-Hoc|iPhone.Deploy.0 = Ad-Hoc|iPhone
		{6A19A10C-0071-4F9B-9ED8-84750F01BB5C}.Ad-Hoc|iPhoneSimulator.ActiveCfg = Ad-Hoc|iPhoneSimulator
		{6A19A10C-0071-4F9B-9ED8-84750F01BB5C}.Ad-Hoc|iPhoneSimulator.Build.0 = Ad-Hoc|iPhoneSimulator
		{6A19A10C-0071-4F9B-9ED8-84750F01BB5C}.Ad-Hoc|iPhoneSimulator.Deploy.0 = Ad-Hoc|iPhoneSimulator
		{6A19A10C-0071-4F9B-9ED8-84750F01BB5C}.Ad-Hoc|x64.ActiveCfg = Ad-Hoc|iPhone
		{6A19A10C-0071-4F9B-9ED8-84750F01BB5C}.Ad-Hoc|x64.Build.0 = Ad-Hoc|iPhone
		{6A19A10C-0071-4F9B-9ED8-84750F01BB5C}.Ad-Hoc|x64.Deploy.0 = Ad-Hoc|iPhone
		{6A19A10C-0071-4F9B-9ED8-84750F01BB5C}.Ad-Hoc|x86.ActiveCfg = Ad-Hoc|iPhone
		{6A19A10C-0071-4F9B-9ED8-84750F01BB5C}.Ad-Hoc|x86.Build.0 = Ad-Hoc|iPhone
		{6A19A10C-0071-4F9B-9ED8-84750F01BB5C}.Ad-Hoc|x86.Deploy.0 = Ad-Hoc|iPhone
		{6A19A10C-0071-4F9B-9ED8-84750F01BB5C}.AppStore|Any CPU.ActiveCfg = AppStore|iPhone
		{6A19A10C-0071-4F9B-9ED8-84750F01BB5C}.AppStore|Any CPU.Build.0 = AppStore|iPhone
		{6A19A10C-0071-4F9B-9ED8-84750F01BB5C}.AppStore|Any CPU.Deploy.0 = AppStore|iPhone
		{6A19A10C-0071-4F9B-9ED8-84750F01BB5C}.AppStore|ARM.ActiveCfg = AppStore|iPhone
		{6A19A10C-0071-4F9B-9ED8-84750F01BB5C}.AppStore|ARM.Build.0 = AppStore|iPhone
		{6A19A10C-0071-4F9B-9ED8-84750F01BB5C}.AppStore|ARM.Deploy.0 = AppStore|iPhone
		{6A19A10C-0071-4F9B-9ED8-84750F01BB5C}.AppStore|iPhone.ActiveCfg = AppStore|iPhone
		{6A19A10C-0071-4F9B-9ED8-84750F01BB5C}.AppStore|iPhone.Build.0 = AppStore|iPhone
		{6A19A10C-0071-4F9B-9ED8-84750F01BB5C}.AppStore|iPhone.Deploy.0 = AppStore|iPhone
		{6A19A10C-0071-4F9B-9ED8-84750F01BB5C}.AppStore|iPhoneSimulator.ActiveCfg = AppStore|iPhoneSimulator
		{6A19A10C-0071-4F9B-9ED8-84750F01BB5C}.AppStore|iPhoneSimulator.Build.0 = AppStore|iPhoneSimulator
		{6A19A10C-0071-4F9B-9ED8-84750F01BB5C}.AppStore|iPhoneSimulator.Deploy.0 = AppStore|iPhoneSimulator
		{6A19A10C-0071-4F9B-9ED8-84750F01BB5C}.AppStore|x64.ActiveCfg = AppStore|iPhone
		{6A19A10C-0071-4F9B-9ED8-84750F01BB5C}.AppStore|x64.Build.0 = AppStore|iPhone
		{6A19A10C-0071-4F9B-9ED8-84750F01BB5C}.AppStore|x64.Deploy.0 = AppStore|iPhone
		{6A19A10C-0071-4F9B-9ED8-84750F01BB5C}.AppStore|x86.ActiveCfg = AppStore|iPhone
		{6A19A10C-0071-4F9B-9ED8-84750F01BB5C}.AppStore|x86.Build.0 = AppStore|iPhone
		{6A19A10C-0071-4F9B-9ED8-84750F01BB5C}.AppStore|x86.Deploy.0 = AppStore|iPhone
		{6A19A10C-0071-4F9B-9ED8-84750F01BB5C}.Debug|Any CPU.ActiveCfg = Debug|iPhoneSimulator
		{6A19A10C-0071-4F9B-9ED8-84750F01BB5C}.Debug|Any CPU.Build.0 = Debug|iPhoneSimulator
		{6A19A10C-0071-4F9B-9ED8-84750F01BB5C}.Debug|Any CPU.Deploy.0 = Debug|iPhoneSimulator
		{6A19A10C-0071-4F9B-9ED8-84750F01BB5C}.Debug|ARM.ActiveCfg = Debug|iPhone
		{6A19A10C-0071-4F9B-9ED8-84750F01BB5C}.Debug|ARM.Build.0 = Debug|iPhone
		{6A19A10C-0071-4F9B-9ED8-84750F01BB5C}.Debug|ARM.Deploy.0 = Debug|iPhone
		{6A19A10C-0071-4F9B-9ED8-84750F01BB5C}.Debug|iPhone.ActiveCfg = Debug|iPhone
		{6A19A10C-0071-4F9B-9ED8-84750F01BB5C}.Debug|iPhone.Build.0 = Debug|iPhone
		{6A19A10C-0071-4F9B-9ED8-84750F01BB5C}.Debug|iPhone.Deploy.0 = Debug|iPhone
		{6A19A10C-0071-4F9B-9ED8-84750F01BB5C}.Debug|iPhoneSimulator.ActiveCfg = Debug|iPhoneSimulator
		{6A19A10C-0071-4F9B-9ED8-84750F01BB5C}.Debug|iPhoneSimulator.Build.0 = Debug|iPhoneSimulator
		{6A19A10C-0071-4F9B-9ED8-84750F01BB5C}.Debug|iPhoneSimulator.Deploy.0 = Debug|iPhoneSimulator
		{6A19A10C-0071-4F9B-9ED8-84750F01BB5C}.Debug|x64.ActiveCfg = Debug|iPhone
		{6A19A10C-0071-4F9B-9ED8-84750F01BB5C}.Debug|x64.Build.0 = Debug|iPhone
		{6A19A10C-0071-4F9B-9ED8-84750F01BB5C}.Debug|x64.Deploy.0 = Debug|iPhone
		{6A19A10C-0071-4F9B-9ED8-84750F01BB5C}.Debug|x86.ActiveCfg = Debug|iPhone
		{6A19A10C-0071-4F9B-9ED8-84750F01BB5C}.Debug|x86.Build.0 = Debug|iPhone
		{6A19A10C-0071-4F9B-9ED8-84750F01BB5C}.Debug|x86.Deploy.0 = Debug|iPhone
		{6A19A10C-0071-4F9B-9ED8-84750F01BB5C}.Release|Any CPU.ActiveCfg = Release|iPhone
		{6A19A10C-0071-4F9B-9ED8-84750F01BB5C}.Release|Any CPU.Build.0 = Release|iPhone
		{6A19A10C-0071-4F9B-9ED8-84750F01BB5C}.Release|Any CPU.Deploy.0 = Release|iPhone
		{6A19A10C-0071-4F9B-9ED8-84750F01BB5C}.Release|ARM.ActiveCfg = Release|iPhone
		{6A19A10C-0071-4F9B-9ED8-84750F01BB5C}.Release|ARM.Build.0 = Release|iPhone
		{6A19A10C-0071-4F9B-9ED8-84750F01BB5C}.Release|ARM.Deploy.0 = Release|iPhone
		{6A19A10C-0071-4F9B-9ED8-84750F01BB5C}.Release|iPhone.ActiveCfg = Release|iPhone
		{6A19A10C-0071-4F9B-9ED8-84750F01BB5C}.Release|iPhone.Build.0 = Release|iPhone
		{6A19A10C-0071-4F9B-9ED8-84750F01BB5C}.Release|iPhone.Deploy.0 = Release|iPhone
		{6A19A10C-0071-4F9B-9ED8-84750F01BB5C}.Release|iPhoneSimulator.ActiveCfg = Release|iPhoneSimulator
		{6A19A10C-0071-4F9B-9ED8-84750F01BB5C}.Release|iPhoneSimulator.Build.0 = Release|iPhoneSimulator
		{6A19A10C-0071-4F9B-9ED8-84750F01BB5C}.Release|iPhoneSimulator.Deploy.0 = Release|iPhoneSimulator
		{6A19A10C-0071-4F9B-9ED8-84750F01BB5C}.Release|x64.ActiveCfg = Release|iPhone
		{6A19A10C-0071-4F9B-9ED8-84750F01BB5C}.Release|x64.Build.0 = Release|iPhone
		{6A19A10C-0071-4F9B-9ED8-84750F01BB5C}.Release|x64.Deploy.0 = Release|iPhone
		{6A19A10C-0071-4F9B-9ED8-84750F01BB5C}.Release|x86.ActiveCfg = Release|iPhone
		{6A19A10C-0071-4F9B-9ED8-84750F01BB5C}.Release|x86.Build.0 = Release|iPhone
		{6A19A10C-0071-4F9B-9ED8-84750F01BB5C}.Release|x86.Deploy.0 = Release|iPhone
		{1889CD39-5217-461C-8DE1-C2FB0046B124}.Ad-Hoc|Any CPU.ActiveCfg = Release|x86
		{1889CD39-5217-461C-8DE1-C2FB0046B124}.Ad-Hoc|Any CPU.Build.0 = Release|x86
		{1889CD39-5217-461C-8DE1-C2FB0046B124}.Ad-Hoc|Any CPU.Deploy.0 = Release|x86
		{1889CD39-5217-461C-8DE1-C2FB0046B124}.Ad-Hoc|ARM.ActiveCfg = Release|ARM
		{1889CD39-5217-461C-8DE1-C2FB0046B124}.Ad-Hoc|ARM.Build.0 = Release|ARM
		{1889CD39-5217-461C-8DE1-C2FB0046B124}.Ad-Hoc|ARM.Deploy.0 = Release|ARM
		{1889CD39-5217-461C-8DE1-C2FB0046B124}.Ad-Hoc|iPhone.ActiveCfg = Release|x86
		{1889CD39-5217-461C-8DE1-C2FB0046B124}.Ad-Hoc|iPhone.Build.0 = Release|x86
		{1889CD39-5217-461C-8DE1-C2FB0046B124}.Ad-Hoc|iPhone.Deploy.0 = Release|x86
		{1889CD39-5217-461C-8DE1-C2FB0046B124}.Ad-Hoc|iPhoneSimulator.ActiveCfg = Release|x86
		{1889CD39-5217-461C-8DE1-C2FB0046B124}.Ad-Hoc|iPhoneSimulator.Build.0 = Release|x86
		{1889CD39-5217-461C-8DE1-C2FB0046B124}.Ad-Hoc|iPhoneSimulator.Deploy.0 = Release|x86
		{1889CD39-5217-461C-8DE1-C2FB0046B124}.Ad-Hoc|x64.ActiveCfg = Release|x64
		{1889CD39-5217-461C-8DE1-C2FB0046B124}.Ad-Hoc|x64.Build.0 = Release|x64
		{1889CD39-5217-461C-8DE1-C2FB0046B124}.Ad-Hoc|x64.Deploy.0 = Release|x64
		{1889CD39-5217-461C-8DE1-C2FB0046B124}.Ad-Hoc|x86.ActiveCfg = Release|x86
		{1889CD39-5217-461C-8DE1-C2FB0046B124}.Ad-Hoc|x86.Build.0 = Release|x86
		{1889CD39-5217-461C-8DE1-C2FB0046B124}.Ad-Hoc|x86.Deploy.0 = Release|x86
		{1889CD39-5217-461C-8DE1-C2FB0046B124}.AppStore|Any CPU.ActiveCfg = Release|x86
		{1889CD39-5217-461C-8DE1-C2FB0046B124}.AppStore|Any CPU.Build.0 = Release|x86
		{1889CD39-5217-461C-8DE1-C2FB0046B124}.AppStore|Any CPU.Deploy.0 = Release|x86
		{1889CD39-5217-461C-8DE1-C2FB0046B124}.AppStore|ARM.ActiveCfg = Release|ARM
		{1889CD39-5217-461C-8DE1-C2FB0046B124}.AppStore|ARM.Build.0 = Release|ARM
		{1889CD39-5217-461C-8DE1-C2FB0046B124}.AppStore|ARM.Deploy.0 = Release|ARM
		{1889CD39-5217-461C-8DE1-C2FB0046B124}.AppStore|iPhone.ActiveCfg = Release|x86
		{1889CD39-5217-461C-8DE1-C2FB0046B124}.AppStore|iPhone.Build.0 = Release|x86
		{1889CD39-5217-461C-8DE1-C2FB0046B124}.AppStore|iPhone.Deploy.0 = Release|x86
		{1889CD39-5217-461C-8DE1-C2FB0046B124}.AppStore|iPhoneSimulator.ActiveCfg = Release|x86
		{1889CD39-5217-461C-8DE1-C2FB0046B124}.AppStore|iPhoneSimulator.Build.0 = Release|x86
		{1889CD39-5217-461C-8DE1-C2FB0046B124}.AppStore|iPhoneSimulator.Deploy.0 = Release|x86
		{1889CD39-5217-461C-8DE1-C2FB0046B124}.AppStore|x64.ActiveCfg = Release|x64
		{1889CD39-5217-461C-8DE1-C2FB0046B124}.AppStore|x64.Build.0 = Release|x64
		{1889CD39-5217-461C-8DE1-C2FB0046B124}.AppStore|x64.Deploy.0 = Release|x64
		{1889CD39-5217-461C-8DE1-C2FB0046B124}.AppStore|x86.ActiveCfg = Release|x86
		{1889CD39-5217-461C-8DE1-C2FB0046B124}.AppStore|x86.Build.0 = Release|x86
		{1889CD39-5217-461C-8DE1-C2FB0046B124}.AppStore|x86.Deploy.0 = Release|x86
		{1889CD39-5217-461C-8DE1-C2FB0046B124}.Debug|Any CPU.ActiveCfg = Debug|x86
		{1889CD39-5217-461C-8DE1-C2FB0046B124}.Debug|Any CPU.Build.0 = Debug|x86
		{1889CD39-5217-461C-8DE1-C2FB0046B124}.Debug|Any CPU.Deploy.0 = Debug|x86
		{1889CD39-5217-461C-8DE1-C2FB0046B124}.Debug|ARM.ActiveCfg = Debug|ARM
		{1889CD39-5217-461C-8DE1-C2FB0046B124}.Debug|ARM.Build.0 = Debug|ARM
		{1889CD39-5217-461C-8DE1-C2FB0046B124}.Debug|ARM.Deploy.0 = Debug|ARM
		{1889CD39-5217-461C-8DE1-C2FB0046B124}.Debug|iPhone.ActiveCfg = Debug|x86
		{1889CD39-5217-461C-8DE1-C2FB0046B124}.Debug|iPhone.Build.0 = Debug|x86
		{1889CD39-5217-461C-8DE1-C2FB0046B124}.Debug|iPhone.Deploy.0 = Debug|x86
		{1889CD39-5217-461C-8DE1-C2FB0046B124}.Debug|iPhoneSimulator.ActiveCfg = Debug|x86
		{1889CD39-5217-461C-8DE1-C2FB0046B124}.Debug|iPhoneSimulator.Build.0 = Debug|x86
		{1889CD39-5217-461C-8DE1-C2FB0046B124}.Debug|iPhoneSimulator.Deploy.0 = Debug|x86
		{1889CD39-5217-461C-8DE1-C2FB0046B124}.Debug|x64.ActiveCfg = Debug|x64
		{1889CD39-5217-461C-8DE1-C2FB0046B124}.Debug|x64.Build.0 = Debug|x64
		{1889CD39-5217-461C-8DE1-C2FB0046B124}.Debug|x64.Deploy.0 = Debug|x64
		{1889CD39-5217-461C-8DE1-C2FB0046B124}.Debug|x86.ActiveCfg = Debug|x86
		{1889CD39-5217-461C-8DE1-C2FB0046B124}.Debug|x86.Build.0 = Debug|x86
		{1889CD39-5217-461C-8DE1-C2FB0046B124}.Debug|x86.Deploy.0 = Debug|x86
		{1889CD39-5217-461C-8DE1-C2FB0046B124}.Release|Any CPU.ActiveCfg = Release|x86
		{1889CD39-5217-461C-8DE1-C2FB0046B124}.Release|Any CPU.Build.0 = Release|x86
		{1889CD39-5217-461C-8DE1-C2FB0046B124}.Release|Any CPU.Deploy.0 = Release|x86
		{1889CD39-5217-461C-8DE1-C2FB0046B124}.Release|ARM.ActiveCfg = Release|ARM
		{1889CD39-5217-461C-8DE1-C2FB0046B124}.Release|ARM.Build.0 = Release|ARM
		{1889CD39-5217-461C-8DE1-C2FB0046B124}.Release|ARM.Deploy.0 = Release|ARM
		{1889CD39-5217-461C-8DE1-C2FB0046B124}.Release|iPhone.ActiveCfg = Release|x86
		{1889CD39-5217-461C-8DE1-C2FB0046B124}.Release|iPhone.Build.0 = Release|x86
		{1889CD39-5217-461C-8DE1-C2FB0046B124}.Release|iPhone.Deploy.0 = Release|x86
		{1889CD39-5217-461C-8DE1-C2FB0046B124}.Release|iPhoneSimulator.ActiveCfg = Release|x86
		{1889CD39-5217-461C-8DE1-C2FB0046B124}.Release|iPhoneSimulator.Build.0 = Release|x86
		{1889CD39-5217-461C-8DE1-C2FB0046B124}.Release|iPhoneSimulator.Deploy.0 = Release|x86
		{1889CD39-5217-461C-8DE1-C2FB0046B124}.Release|x64.ActiveCfg = Release|x64
		{1889CD39-5217-461C-8DE1-C2FB0046B124}.Release|x64.Build.0 = Release|x64
		{1889CD39-5217-461C-8DE1-C2FB0046B124}.Release|x64.Deploy.0 = Release|x64
		{1889CD39-5217-461C-8DE1-C2FB0046B124}.Release|x86.ActiveCfg = Release|x86
		{1889CD39-5217-461C-8DE1-C2FB0046B124}.Release|x86.Build.0 = Release|x86
		{1889CD39-5217-461C-8DE1-C2FB0046B124}.Release|x86.Deploy.0 = Release|x86
	EndGlobalSection
	GlobalSection(SolutionProperties) = preSolution
		HideSolutionNode = FALSE
	EndGlobalSection
	GlobalSection(ExtensibilityGlobals) = postSolution
		SolutionGuid = {94EEB4F9-3CA1-45D5-9D5B-69397848EB4D}
	EndGlobalSection
EndGlobal
